
Microsoft Visual Studio Solution File, Format Version 12.00
# Visual Studio 2013
VisualStudioVersion = 12.0.31101.0
MinimumVisualStudioVersion = 10.0.40219.1
Project("{FAE04EC0-301F-11D3-BF4B-00C04F79EFBC}") = "MongoDB.ConsoleApp", "MongoDB.ConsoleApp\MongoDB.ConsoleApp.csproj", "{D15D2E37-FB56-4951-A9FD-1475C0964431}"
EndProject
Project("{FAE04EC0-301F-11D3-BF4B-00C04F79EFBC}") = "MongoDB.Models", "MongoDB.Models\MongoDB.Models.csproj", "{08BECB1E-E003-426A-A025-F9B433661362}"
EndProject
Project("{FAE04EC0-301F-11D3-BF4B-00C04F79EFBC}") = "MongoDB.WebAPI", "MongoDB.WebAPI\MongoDB.WebAPI.csproj", "{0A75BDD9-85EB-460D-AC52-8F2AB52C50A7}"
EndProject
Global
	GlobalSection(SolutionConfigurationPlatforms) = preSolution
		Debug|Any CPU = Debug|Any CPU
		Release|Any CPU = Release|Any CPU
	EndGlobalSection
	GlobalSection(ProjectConfigurationPlatforms) = postSolution
		{D15D2E37-FB56-4951-A9FD-1475C0964431}.Debug|Any CPU.ActiveCfg = Debug|Any CPU
		{D15D2E37-FB56-4951-A9FD-1475C0964431}.Debug|Any CPU.Build.0 = Debug|Any CPU
		{D15D2E37-FB56-4951-A9FD-1475C0964431}.Release|Any CPU.ActiveCfg = Release|Any CPU
		{D15D2E37-FB56-4951-A9FD-1475C0964431}.Release|Any CPU.Build.0 = Release|Any CPU
		{08BECB1E-E003-426A-A025-F9B433661362}.Debug|Any CPU.ActiveCfg = Debug|Any CPU
		{08BECB1E-E003-426A-A025-F9B433661362}.Debug|Any CPU.Build.0 = Debug|Any CPU
		{08BECB1E-E003-426A-A025-F9B433661362}.Release|Any CPU.ActiveCfg = Release|Any CPU
		{08BECB1E-E003-426A-A025-F9B433661362}.Release|Any CPU.Build.0 = Release|Any CPU
		{0A75BDD9-85EB-460D-AC52-8F2AB52C50A7}.Debug|Any CPU.ActiveCfg = Debug|Any CPU
		{0A75BDD9-85EB-460D-AC52-8F2AB52C50A7}.Debug|Any CPU.Build.0 = Debug|Any CPU
		{0A75BDD9-85EB-460D-AC52-8F2AB52C50A7}.Release|Any CPU.ActiveCfg = Release|Any CPU
		{0A75BDD9-85EB-460D-AC52-8F2AB52C50A7}.Release|Any CPU.Build.0 = Release|Any CPU
	EndGlobalSection
	GlobalSection(SolutionProperties) = preSolution
		HideSolutionNode = FALSE
	EndGlobalSection
EndGlobal
